// !$*UTF8*$!
{
	archiveVersion = 1;
	classes = {
	};
	objectVersion = 56;
	objects = {

/* Begin PBXBuildFile section */
		EB996B4F2B26F89A00A28C1C /* DataModel.swift in Sources */ = {isa = PBXBuildFile; fileRef = EB996B4E2B26F89A00A28C1C /* DataModel.swift */; };
		EBB69B6B2B25A1E500173831 /* BodyStatsApp.swift in Sources */ = {isa = PBXBuildFile; fileRef = EBB69B6A2B25A1E500173831 /* BodyStatsApp.swift */; };
		EBB69B6D2B25A1E500173831 /* ContentView.swift in Sources */ = {isa = PBXBuildFile; fileRef = EBB69B6C2B25A1E500173831 /* ContentView.swift */; };
		EBB69B6F2B25A1E600173831 /* Assets.xcassets in Resources */ = {isa = PBXBuildFile; fileRef = EBB69B6E2B25A1E600173831 /* Assets.xcassets */; };
		EBB69B722B25A1E600173831 /* Preview Assets.xcassets in Resources */ = {isa = PBXBuildFile; fileRef = EBB69B712B25A1E600173831 /* Preview Assets.xcassets */; };
		EBB69B822B25CB6100173831 /* BodyFatView.swift in Sources */ = {isa = PBXBuildFile; fileRef = EBB69B812B25CB6100173831 /* BodyFatView.swift */; };
		EBB69B852B25F79700173831 /* TabBarView.swift in Sources */ = {isa = PBXBuildFile; fileRef = EBB69B842B25F79700173831 /* TabBarView.swift */; };
		EBB69B892B25FABE00173831 /* HomeView.swift in Sources */ = {isa = PBXBuildFile; fileRef = EBB69B882B25FABE00173831 /* HomeView.swift */; };
		EBC70C272B2B247500EE8BF0 /* Settings.swift in Sources */ = {isa = PBXBuildFile; fileRef = EBC70C262B2B247500EE8BF0 /* Settings.swift */; };
/* End PBXBuildFile section */

/* Begin PBXFileReference section */
		EB996B4E2B26F89A00A28C1C /* DataModel.swift */ = {isa = PBXFileReference; lastKnownFileType = sourcecode.swift; path = DataModel.swift; sourceTree = "<group>"; };
		EBB69B672B25A1E500173831 /* BodyStats.app */ = {isa = PBXFileReference; explicitFileType = wrapper.application; includeInIndex = 0; path = BodyStats.app; sourceTree = BUILT_PRODUCTS_DIR; };
		EBB69B6A2B25A1E500173831 /* BodyStatsApp.swift */ = {isa = PBXFileReference; lastKnownFileType = sourcecode.swift; path = BodyStatsApp.swift; sourceTree = "<group>"; };
		EBB69B6C2B25A1E500173831 /* ContentView.swift */ = {isa = PBXFileReference; lastKnownFileType = sourcecode.swift; path = ContentView.swift; sourceTree = "<group>"; };
		EBB69B6E2B25A1E600173831 /* Assets.xcassets */ = {isa = PBXFileReference; lastKnownFileType = folder.assetcatalog; path = Assets.xcassets; sourceTree = "<group>"; };
		EBB69B712B25A1E600173831 /* Preview Assets.xcassets */ = {isa = PBXFileReference; lastKnownFileType = folder.assetcatalog; path = "Preview Assets.xcassets"; sourceTree = "<group>"; };
		EBB69B812B25CB6100173831 /* BodyFatView.swift */ = {isa = PBXFileReference; lastKnownFileType = sourcecode.swift; path = BodyFatView.swift; sourceTree = "<group>"; };
		EBB69B842B25F79700173831 /* TabBarView.swift */ = {isa = PBXFileReference; lastKnownFileType = sourcecode.swift; path = TabBarView.swift; sourceTree = "<group>"; };
		EBB69B882B25FABE00173831 /* HomeView.swift */ = {isa = PBXFileReference; lastKnownFileType = sourcecode.swift; path = HomeView.swift; sourceTree = "<group>"; };
		EBC70C262B2B247500EE8BF0 /* Settings.swift */ = {isa = PBXFileReference; lastKnownFileType = sourcecode.swift; path = Settings.swift; sourceTree = "<group>"; };
/* End PBXFileReference section */

/* Begin PBXFrameworksBuildPhase section */
		EBB69B642B25A1E500173831 /* Frameworks */ = {
			isa = PBXFrameworksBuildPhase;
			buildActionMask = 2147483647;
			files = (
			);
			runOnlyForDeploymentPostprocessing = 0;
		};
/* End PBXFrameworksBuildPhase section */

/* Begin PBXGroup section */
		EBB69B5E2B25A1E500173831 = {
			isa = PBXGroup;
			children = (
				EBB69B692B25A1E500173831 /* BodyStats */,
				EBB69B682B25A1E500173831 /* Products */,
			);
			sourceTree = "<group>";
		};
		EBB69B682B25A1E500173831 /* Products */ = {
			isa = PBXGroup;
			children = (
				EBB69B672B25A1E500173831 /* BodyStats.app */,
			);
			name = Products;
			sourceTree = "<group>";
		};
		EBB69B692B25A1E500173831 /* BodyStats */ = {
			isa = PBXGroup;
			children = (
				EBB69B6A2B25A1E500173831 /* BodyStatsApp.swift */,
				EBB69B792B25A41500173831 /* Engine */,
				EBB69B7C2B25A45C00173831 /* Text */,
				EBB69B782B25A3F300173831 /* Views */,
				EBB69B6E2B25A1E600173831 /* Assets.xcassets */,
				EBB69B702B25A1E600173831 /* Preview Content */,
			);
			path = BodyStats;
			sourceTree = "<group>";
		};
		EBB69B702B25A1E600173831 /* Preview Content */ = {
			isa = PBXGroup;
			children = (
				EBB69B712B25A1E600173831 /* Preview Assets.xcassets */,
			);
			path = "Preview Content";
			sourceTree = "<group>";
		};
		EBB69B782B25A3F300173831 /* Views */ = {
			isa = PBXGroup;
			children = (
				EBB69B6C2B25A1E500173831 /* ContentView.swift */,
				EBB69B812B25CB6100173831 /* BodyFatView.swift */,
				EBB69B882B25FABE00173831 /* HomeView.swift */,
				EBB69B842B25F79700173831 /* TabBarView.swift */,
				EBC70C262B2B247500EE8BF0 /* Settings.swift */,
			);
			path = Views;
			sourceTree = "<group>";
		};
		EBB69B792B25A41500173831 /* Engine */ = {
			isa = PBXGroup;
			children = (
				EB996B4E2B26F89A00A28C1C /* DataModel.swift */,
			);
			path = Engine;
			sourceTree = "<group>";
		};
		EBB69B7C2B25A45C00173831 /* Text */ = {
			isa = PBXGroup;
			children = (
			);
			path = Text;
			sourceTree = "<group>";
		};
/* End PBXGroup section */

/* Begin PBXNativeTarget section */
		EBB69B662B25A1E500173831 /* BodyStats */ = {
			isa = PBXNativeTarget;
			buildConfigurationList = EBB69B752B25A1E600173831 /* Build configuration list for PBXNativeTarget "BodyStats" */;
			buildPhases = (
				EBB69B632B25A1E500173831 /* Sources */,
				EBB69B642B25A1E500173831 /* Frameworks */,
				EBB69B652B25A1E500173831 /* Resources */,
			);
			buildRules = (
			);
			dependencies = (
			);
			name = BodyStats;
			productName = BodyStats;
			productReference = EBB69B672B25A1E500173831 /* BodyStats.app */;
			productType = "com.apple.product-type.application";
		};
/* End PBXNativeTarget section */

/* Begin PBXProject section */
		EBB69B5F2B25A1E500173831 /* Project object */ = {
			isa = PBXProject;
			attributes = {
				BuildIndependentTargetsInParallel = 1;
				LastSwiftUpdateCheck = 1500;
				LastUpgradeCheck = 1500;
				TargetAttributes = {
					EBB69B662B25A1E500173831 = {
						CreatedOnToolsVersion = 15.0.1;
					};
				};
			};
			buildConfigurationList = EBB69B622B25A1E500173831 /* Build configuration list for PBXProject "BodyStats" */;
			compatibilityVersion = "Xcode 14.0";
			developmentRegion = en;
			hasScannedForEncodings = 0;
			knownRegions = (
				en,
				Base,
			);
			mainGroup = EBB69B5E2B25A1E500173831;
			productRefGroup = EBB69B682B25A1E500173831 /* Products */;
			projectDirPath = "";
			projectRoot = "";
			targets = (
				EBB69B662B25A1E500173831 /* BodyStats */,
			);
		};
/* End PBXProject section */

/* Begin PBXResourcesBuildPhase section */
		EBB69B652B25A1E500173831 /* Resources */ = {
			isa = PBXResourcesBuildPhase;
			buildActionMask = 2147483647;
			files = (
				EBB69B722B25A1E600173831 /* Preview Assets.xcassets in Resources */,
				EBB69B6F2B25A1E600173831 /* Assets.xcassets in Resources */,
			);
			runOnlyForDeploymentPostprocessing = 0;
		};
/* End PBXResourcesBuildPhase section */

/* Begin PBXSourcesBuildPhase section */
		EBB69B632B25A1E500173831 /* Sources */ = {
			isa = PBXSourcesBuildPhase;
			buildActionMask = 2147483647;
			files = (
				EBB69B822B25CB6100173831 /* BodyFatView.swift in Sources */,
				EBB69B892B25FABE00173831 /* HomeView.swift in Sources */,
				EBC70C272B2B247500EE8BF0 /* Settings.swift in Sources */,
				EBB69B6D2B25A1E500173831 /* ContentView.swift in Sources */,
				EB996B4F2B26F89A00A28C1C /* DataModel.swift in Sources */,
				EBB69B6B2B25A1E500173831 /* BodyStatsApp.swift in Sources */,
				EBB69B852B25F79700173831 /* TabBarView.swift in Sources */,
			);
			runOnlyForDeploymentPostprocessing = 0;
		};
/* End PBXSourcesBuildPhase section */

/* Begin XCBuildConfiguration section */
		EBB69B732B25A1E600173831 /* Debug */ = {
			isa = XCBuildConfiguration;
			buildSettings = {
				ALWAYS_SEARCH_USER_PATHS = NO;
				ASSETCATALOG_COMPILER_GENERATE_SWIFT_ASSET_SYMBOL_EXTENSIONS = YES;
				CLANG_ANALYZER_NONNULL = YES;
				CLANG_ANALYZER_NUMBER_OBJECT_CONVERSION = YES_AGGRESSIVE;
				CLANG_CXX_LANGUAGE_STANDARD = "gnu++20";
				CLANG_ENABLE_MODULES = YES;
				CLANG_ENABLE_OBJC_ARC = YES;
				CLANG_ENABLE_OBJC_WEAK = YES;
				CLANG_WARN_BLOCK_CAPTURE_AUTORELEASING = YES;
				CLANG_WARN_BOOL_CONVERSION = YES;
				CLANG_WARN_COMMA = YES;
				CLANG_WARN_CONSTANT_CONVERSION = YES;
				CLANG_WARN_DEPRECATED_OBJC_IMPLEMENTATIONS = YES;
				CLANG_WARN_DIRECT_OBJC_ISA_USAGE = YES_ERROR;
				CLANG_WARN_DOCUMENTATION_COMMENTS = YES;
				CLANG_WARN_EMPTY_BODY = YES;
				CLANG_WARN_ENUM_CONVERSION = YES;
				CLANG_WARN_INFINITE_RECURSION = YES;
				CLANG_WARN_INT_CONVERSION = YES;
				CLANG_WARN_NON_LITERAL_NULL_CONVERSION = YES;
				CLANG_WARN_OBJC_IMPLICIT_RETAIN_SELF = YES;
				CLANG_WARN_OBJC_LITERAL_CONVERSION = YES;
				CLANG_WARN_OBJC_ROOT_CLASS = YES_ERROR;
				CLANG_WARN_QUOTED_INCLUDE_IN_FRAMEWORK_HEADER = YES;
				CLANG_WARN_RANGE_LOOP_ANALYSIS = YES;
				CLANG_WARN_STRICT_PROTOTYPES = YES;
				CLANG_WARN_SUSPICIOUS_MOVE = YES;
				CLANG_WARN_UNGUARDED_AVAILABILITY = YES_AGGRESSIVE;
				CLANG_WARN_UNREACHABLE_CODE = YES;
				CLANG_WARN__DUPLICATE_METHOD_MATCH = YES;
				COPY_PHASE_STRIP = NO;
				DEBUG_INFORMATION_FORMAT = dwarf;
				ENABLE_STRICT_OBJC_MSGSEND = YES;
				ENABLE_TESTABILITY = YES;
				ENABLE_USER_SCRIPT_SANDBOXING = YES;
				GCC_C_LANGUAGE_STANDARD = gnu17;
				GCC_DYNAMIC_NO_PIC = NO;
				GCC_NO_COMMON_BLOCKS = YES;
				GCC_OPTIMIZATION_LEVEL = 0;
				GCC_PREPROCESSOR_DEFINITIONS = (
					"DEBUG=1",
					"$(inherited)",
				);
				GCC_WARN_64_TO_32_BIT_CONVERSION = YES;
				GCC_WARN_ABOUT_RETURN_TYPE = YES_ERROR;
				GCC_WARN_UNDECLARED_SELECTOR = YES;
				GCC_WARN_UNINITIALIZED_AUTOS = YES_AGGRESSIVE;
				GCC_WARN_UNUSED_FUNCTION = YES;
				GCC_WARN_UNUSED_VARIABLE = YES;
				IPHONEOS_DEPLOYMENT_TARGET = 17.0;
				LOCALIZATION_PREFERS_STRING_CATALOGS = YES;
				MTL_ENABLE_DEBUG_INFO = INCLUDE_SOURCE;
				MTL_FAST_MATH = YES;
				ONLY_ACTIVE_ARCH = YES;
				SDKROOT = iphoneos;
				SWIFT_ACTIVE_COMPILATION_CONDITIONS = "DEBUG $(inherited)";
				SWIFT_OPTIMIZATION_LEVEL = "-Onone";
			};
			name = Debug;
		};
		EBB69B742B25A1E600173831 /* Release */ = {
			isa = XCBuildConfiguration;
			buildSettings = {
				ALWAYS_SEARCH_USER_PATHS = NO;
				ASSETCATALOG_COMPILER_GENERATE_SWIFT_ASSET_SYMBOL_EXTENSIONS = YES;
				CLANG_ANALYZER_NONNULL = YES;
				CLANG_ANALYZER_NUMBER_OBJECT_CONVERSION = YES_AGGRESSIVE;
				CLANG_CXX_LANGUAGE_STANDARD = "gnu++20";
				CLANG_ENABLE_MODULES = YES;
				CLANG_ENABLE_OBJC_ARC = YES;
				CLANG_ENABLE_OBJC_WEAK = YES;
				CLANG_WARN_BLOCK_CAPTURE_AUTORELEASING = YES;
				CLANG_WARN_BOOL_CONVERSION = YES;
				CLANG_WARN_COMMA = YES;
				CLANG_WARN_CONSTANT_CONVERSION = YES;
				CLANG_WARN_DEPRECATED_OBJC_IMPLEMENTATIONS = YES;
				CLANG_WARN_DIRECT_OBJC_ISA_USAGE = YES_ERROR;
				CLANG_WARN_DOCUMENTATION_COMMENTS = YES;
				CLANG_WARN_EMPTY_BODY = YES;
				CLANG_WARN_ENUM_CONVERSION = YES;
				CLANG_WARN_INFINITE_RECURSION = YES;
				CLANG_WARN_INT_CONVERSION = YES;
				CLANG_WARN_NON_LITERAL_NULL_CONVERSION = YES;
				CLANG_WARN_OBJC_IMPLICIT_RETAIN_SELF = YES;
				CLANG_WARN_OBJC_LITERAL_CONVERSION = YES;
				CLANG_WARN_OBJC_ROOT_CLASS = YES_ERROR;
				CLANG_WARN_QUOTED_INCLUDE_IN_FRAMEWORK_HEADER = YES;
				CLANG_WARN_RANGE_LOOP_ANALYSIS = YES;
				CLANG_WARN_STRICT_PROTOTYPES = YES;
				CLANG_WARN_SUSPICIOUS_MOVE = YES;
				CLANG_WARN_UNGUARDED_AVAILABILITY = YES_AGGRESSIVE;
				CLANG_WARN_UNREACHABLE_CODE = YES;
				CLANG_WARN__DUPLICATE_METHOD_MATCH = YES;
				COPY_PHASE_STRIP = NO;
				DEBUG_INFORMATION_FORMAT = "dwarf-with-dsym";
				ENABLE_NS_ASSERTIONS = NO;
				ENABLE_STRICT_OBJC_MSGSEND = YES;
				ENABLE_USER_SCRIPT_SANDBOXING = YES;
				GCC_C_LANGUAGE_STANDARD = gnu17;
				GCC_NO_COMMON_BLOCKS = YES;
				GCC_WARN_64_TO_32_BIT_CONVERSION = YES;
				GCC_WARN_ABOUT_RETURN_TYPE = YES_ERROR;
				GCC_WARN_UNDECLARED_SELECTOR = YES;
				GCC_WARN_UNINITIALIZED_AUTOS = YES_AGGRESSIVE;
				GCC_WARN_UNUSED_FUNCTION = YES;
				GCC_WARN_UNUSED_VARIABLE = YES;
				IPHONEOS_DEPLOYMENT_TARGET = 17.0;
				LOCALIZATION_PREFERS_STRING_CATALOGS = YES;
				MTL_ENABLE_DEBUG_INFO = NO;
				MTL_FAST_MATH = YES;
				SDKROOT = iphoneos;
				SWIFT_COMPILATION_MODE = wholemodule;
				VALIDATE_PRODUCT = YES;
			};
			name = Release;
		};
		EBB69B762B25A1E600173831 /* Debug */ = {
			isa = XCBuildConfiguration;
			buildSettings = {
				ASSETCATALOG_COMPILER_APPICON_NAME = AppIcon;
				ASSETCATALOG_COMPILER_GLOBAL_ACCENT_COLOR_NAME = AccentColor;
				CODE_SIGN_STYLE = Automatic;
				CURRENT_PROJECT_VERSION = 1;
				DEVELOPMENT_ASSET_PATHS = "\"BodyStats/Preview Content\"";
				DEVELOPMENT_TEAM = A2WHL9K3GA;
				ENABLE_PREVIEWS = YES;
				GENERATE_INFOPLIST_FILE = YES;
				INFOPLIST_KEY_CFBundleDisplayName = "Body Stats";
				INFOPLIST_KEY_LSApplicationCategoryType = "public.app-category.healthcare-fitness";
				INFOPLIST_KEY_UIApplicationSceneManifest_Generation = YES;
				INFOPLIST_KEY_UIApplicationSupportsIndirectInputEvents = YES;
				INFOPLIST_KEY_UILaunchScreen_Generation = YES;
				INFOPLIST_KEY_UISupportedInterfaceOrientations_iPad = "UIInterfaceOrientationPortrait UIInterfaceOrientationPortraitUpsideDown UIInterfaceOrientationLandscapeLeft UIInterfaceOrientationLandscapeRight";
				INFOPLIST_KEY_UISupportedInterfaceOrientations_iPhone = "UIInterfaceOrientationPortrait UIInterfaceOrientationLandscapeLeft UIInterfaceOrientationLandscapeRight";
				LD_RUNPATH_SEARCH_PATHS = (
					"$(inherited)",
					"@executable_path/Frameworks",
				);
				MARKETING_VERSION = 0.0.5;
				PRODUCT_BUNDLE_IDENTIFIER = miriam.renken.BodyStats;
				PRODUCT_NAME = "$(TARGET_NAME)";
				SWIFT_EMIT_LOC_STRINGS = YES;
				SWIFT_VERSION = 5.0;
				TARGETED_DEVICE_FAMILY = "1,2";
			};
			name = Debug;
		};
		EBB69B772B25A1E600173831 /* Release */ = {
			isa = XCBuildConfiguration;
			buildSettings = {
				ASSETCATALOG_COMPILER_APPICON_NAME = AppIcon;
				ASSETCATALOG_COMPILER_GLOBAL_ACCENT_COLOR_NAME = AccentColor;
				CODE_SIGN_STYLE = Automatic;
				CURRENT_PROJECT_VERSION = 1;
				DEVELOPMENT_ASSET_PATHS = "\"BodyStats/Preview Content\"";
				DEVELOPMENT_TEAM = A2WHL9K3GA;
				ENABLE_PREVIEWS = YES;
				GENERATE_INFOPLIST_FILE = YES;
				INFOPLIST_KEY_CFBundleDisplayName = "Body Stats";
				INFOPLIST_KEY_LSApplicationCategoryType = "public.app-category.healthcare-fitness";
				INFOPLIST_KEY_UIApplicationSceneManifest_Generation = YES;
				INFOPLIST_KEY_UIApplicationSupportsIndirectInputEvents = YES;
				INFOPLIST_KEY_UILaunchScreen_Generation = YES;
				INFOPLIST_KEY_UISupportedInterfaceOrientations_iPad = "UIInterfaceOrientationPortrait UIInterfaceOrientationPortraitUpsideDown UIInterfaceOrientationLandscapeLeft UIInterfaceOrientationLandscapeRight";
				INFOPLIST_KEY_UISupportedInterfaceOrientations_iPhone = "UIInterfaceOrientationPortrait UIInterfaceOrientationLandscapeLeft UIInterfaceOrientationLandscapeRight";
				LD_RUNPATH_SEARCH_PATHS = (
					"$(inherited)",
					"@executable_path/Frameworks",
				);
				MARKETING_VERSION = 0.0.5;
				PRODUCT_BUNDLE_IDENTIFIER = miriam.renken.BodyStats;
				PRODUCT_NAME = "$(TARGET_NAME)";
				SWIFT_EMIT_LOC_STRINGS = YES;
				SWIFT_VERSION = 5.0;
				TARGETED_DEVICE_FAMILY = "1,2";
			};
			name = Release;
		};
/* End XCBuildConfiguration section */

/* Begin XCConfigurationList section */
		EBB69B622B25A1E500173831 /* Build configuration list for PBXProject "BodyStats" */ = {
			isa = XCConfigurationList;
			buildConfigurations = (
				EBB69B732B25A1E600173831 /* Debug */,
				EBB69B742B25A1E600173831 /* Release */,
			);
			defaultConfigurationIsVisible = 0;
			defaultConfigurationName = Release;
		};
		EBB69B752B25A1E600173831 /* Build configuration list for PBXNativeTarget "BodyStats" */ = {
			isa = XCConfigurationList;
			buildConfigurations = (
				EBB69B762B25A1E600173831 /* Debug */,
				EBB69B772B25A1E600173831 /* Release */,
			);
			defaultConfigurationIsVisible = 0;
			defaultConfigurationName = Release;
		};
/* End XCConfigurationList section */
	};
	rootObject = EBB69B5F2B25A1E500173831 /* Project object */;
}
